
Microsoft Visual Studio Solution File, Format Version 12.00
# Visual Studio Version 17
VisualStudioVersion = 17.12.35707.178
MinimumVisualStudioVersion = 10.0.40219.1
Project("{FAE04EC0-301F-11D3-BF4B-00C04F79EFBC}") = "LgkProductions.Inspector", "src\LgkProductions.Inspector.csproj", "{2858B104-161E-49BB-A342-F33AEC496684}"
EndProject
Project("{2150E333-8FDC-42A3-9474-1A3956D46DE8}") = "tests", "tests", "{45ECFC60-BBD5-437C-A4F6-8EA04FB7B2F1}"
EndProject
Project("{FAE04EC0-301F-11D3-BF4B-00C04F79EFBC}") = "LgkProductions.Inspector.UnitTests", "tests\LgkProductions.Inspector.UnitTests\LgkProductions.Inspector.UnitTests.csproj", "{8619C352-863F-4FFA-A9E4-664A578CDEB2}"
EndProject
Project("{2150E333-8FDC-42A3-9474-1A3956D46DE8}") = "build", "build", "{993C2961-0078-46DF-AA33-A9B62586E7B2}"
	ProjectSection(SolutionItems) = preProject
		Directory.Build.props = Directory.Build.props
	EndProjectSection
EndProject
Project("{2150E333-8FDC-42A3-9474-1A3956D46DE8}") = "samples", "samples", "{B1B02EA0-B917-49DE-887D-8E1701F0D71A}"
EndProject
Project("{FAE04EC0-301F-11D3-BF4B-00C04F79EFBC}") = "WinForms", "samples\WinForms\WinForms.csproj", "{B7781C17-282A-4FC0-AE41-CF4BA204B074}"
EndProject
Global
	GlobalSection(SolutionConfigurationPlatforms) = preSolution
		Debug|Any CPU = Debug|Any CPU
		Release|Any CPU = Release|Any CPU
	EndGlobalSection
	GlobalSection(ProjectConfigurationPlatforms) = postSolution
		{2858B104-161E-49BB-A342-F33AEC496684}.Debug|Any CPU.ActiveCfg = Debug|Any CPU
		{2858B104-161E-49BB-A342-F33AEC496684}.Debug|Any CPU.Build.0 = Debug|Any CPU
		{2858B104-161E-49BB-A342-F33AEC496684}.Release|Any CPU.ActiveCfg = Release|Any CPU
		{2858B104-161E-49BB-A342-F33AEC496684}.Release|Any CPU.Build.0 = Release|Any CPU
		{8619C352-863F-4FFA-A9E4-664A578CDEB2}.Debug|Any CPU.ActiveCfg = Debug|Any CPU
		{8619C352-863F-4FFA-A9E4-664A578CDEB2}.Debug|Any CPU.Build.0 = Debug|Any CPU
		{8619C352-863F-4FFA-A9E4-664A578CDEB2}.Release|Any CPU.ActiveCfg = Release|Any CPU
		{8619C352-863F-4FFA-A9E4-664A578CDEB2}.Release|Any CPU.Build.0 = Release|Any CPU
		{B7781C17-282A-4FC0-AE41-CF4BA204B074}.Debug|Any CPU.ActiveCfg = Debug|Any CPU
		{B7781C17-282A-4FC0-AE41-CF4BA204B074}.Debug|Any CPU.Build.0 = Debug|Any CPU
		{B7781C17-282A-4FC0-AE41-CF4BA204B074}.Release|Any CPU.ActiveCfg = Release|Any CPU
		{B7781C17-282A-4FC0-AE41-CF4BA204B074}.Release|Any CPU.Build.0 = Release|Any CPU
	EndGlobalSection
	GlobalSection(SolutionProperties) = preSolution
		HideSolutionNode = FALSE
	EndGlobalSection
	GlobalSection(NestedProjects) = preSolution
		{8619C352-863F-4FFA-A9E4-664A578CDEB2} = {45ECFC60-BBD5-437C-A4F6-8EA04FB7B2F1}
		{B7781C17-282A-4FC0-AE41-CF4BA204B074} = {B1B02EA0-B917-49DE-887D-8E1701F0D71A}
	EndGlobalSection
EndGlobal
